
Microsoft Visual Studio Solution File, Format Version 12.00
# Visual Studio Version 16
VisualStudioVersion = 16.0.29306.81
MinimumVisualStudioVersion = 10.0.40219.1
Project("{FAE04EC0-301F-11D3-BF4B-00C04F79EFBC}") = "Proftaak TalkToMe Bottlestop", "Proftaak TalkToMe Bottlestop.csproj", "{0F117257-EA16-4DD6-8094-AB84AE875C72}"
EndProject
Global
	GlobalSection(SolutionConfigurationPlatforms) = preSolution
		Debug|Any CPU = Debug|Any CPU
		Release|Any CPU = Release|Any CPU
	EndGlobalSection
	GlobalSection(ProjectConfigurationPlatforms) = postSolution
		{0F117257-EA16-4DD6-8094-AB84AE875C72}.Debug|Any CPU.ActiveCfg = Debug|Any CPU
		{0F117257-EA16-4DD6-8094-AB84AE875C72}.Debug|Any CPU.Build.0 = Debug|Any CPU
		{0F117257-EA16-4DD6-8094-AB84AE875C72}.Release|Any CPU.ActiveCfg = Release|Any CPU
		{0F117257-EA16-4DD6-8094-AB84AE875C72}.Release|Any CPU.Build.0 = Release|Any CPU
	EndGlobalSection
	GlobalSection(SolutionProperties) = preSolution
		HideSolutionNode = FALSE
	EndGlobalSection
	GlobalSection(ExtensibilityGlobals) = postSolution
		SolutionGuid = {3B062FD7-22AA-447E-BFC2-236A7494F048}
	EndGlobalSection
EndGlobal
